
Microsoft Visual Studio Solution File, Format Version 12.00
# Visual Studio Version 16
VisualStudioVersion = 16.0.30523.141
MinimumVisualStudioVersion = 10.0.40219.1
Project("{9A19103F-16F7-4668-BE54-9A1E7A4F7556}") = "MD5", "MD5\MD5.csproj", "{AF92D351-85A9-4E8F-84CB-953E40028DCA}"
EndProject
Project("{FAE04EC0-301F-11D3-BF4B-00C04F79EFBC}") = "MD5Tests", "MD5Tests\MD5Tests.csproj", "{30EF547C-3CF1-44C7-BC41-57E3100E0628}"
EndProject
Global
	GlobalSection(SolutionConfigurationPlatforms) = preSolution
		Debug|Any CPU = Debug|Any CPU
		Release|Any CPU = Release|Any CPU
	EndGlobalSection
	GlobalSection(ProjectConfigurationPlatforms) = postSolution
		{AF92D351-85A9-4E8F-84CB-953E40028DCA}.Debug|Any CPU.ActiveCfg = Debug|Any CPU
		{AF92D351-85A9-4E8F-84CB-953E40028DCA}.Debug|Any CPU.Build.0 = Debug|Any CPU
		{AF92D351-85A9-4E8F-84CB-953E40028DCA}.Release|Any CPU.ActiveCfg = Release|Any CPU
		{AF92D351-85A9-4E8F-84CB-953E40028DCA}.Release|Any CPU.Build.0 = Release|Any CPU
		{30EF547C-3CF1-44C7-BC41-57E3100E0628}.Debug|Any CPU.ActiveCfg = Debug|Any CPU
		{30EF547C-3CF1-44C7-BC41-57E3100E0628}.Debug|Any CPU.Build.0 = Debug|Any CPU
		{30EF547C-3CF1-44C7-BC41-57E3100E0628}.Release|Any CPU.ActiveCfg = Release|Any CPU
		{30EF547C-3CF1-44C7-BC41-57E3100E0628}.Release|Any CPU.Build.0 = Release|Any CPU
	EndGlobalSection
	GlobalSection(SolutionProperties) = preSolution
		HideSolutionNode = FALSE
	EndGlobalSection
	GlobalSection(ExtensibilityGlobals) = postSolution
		SolutionGuid = {2A68E481-83DA-47EB-A8C1-D07E1D200B50}
	EndGlobalSection
EndGlobal
